
Microsoft Visual Studio Solution File, Format Version 12.00
# Visual Studio Version 17
VisualStudioVersion = 17.7.34024.191
MinimumVisualStudioVersion = 10.0.40219.1
Project("{9A19103F-16F7-4668-BE54-9A1E7A4F7556}") = "BulkyWeb", "BulkyWeb\BulkyWeb.csproj", "{FB5F1DA2-72DE-4274-8698-7973E85F723C}"
EndProject
Project("{FAE04EC0-301F-11D3-BF4B-00C04F79EFBC}") = "BulkyWebRazor_Temp", "BulkyWebRazor_Temp\BulkyWebRazor_Temp.csproj", "{53C739C1-8A1E-4919-88F7-353D977AAE7E}"
EndProject
Project("{FAE04EC0-301F-11D3-BF4B-00C04F79EFBC}") = "Bulky.DataAccess", "Bulky.DataAccess\Bulky.DataAccess.csproj", "{1C412F14-59CC-4A7B-8697-C5F4EFA7C5A8}"
EndProject
Project("{FAE04EC0-301F-11D3-BF4B-00C04F79EFBC}") = "Bulky.Models", "Bulky.Models\Bulky.Models.csproj", "{EC987F77-E41A-425D-96EE-3F2D168DC40D}"
EndProject
Project("{FAE04EC0-301F-11D3-BF4B-00C04F79EFBC}") = "Bulky.Utility", "Bulky.Utility\Bulky.Utility.csproj", "{C1A23AE6-9819-4917-8DE2-BF9D72908ED9}"
EndProject
Global
	GlobalSection(SolutionConfigurationPlatforms) = preSolution
		Debug|Any CPU = Debug|Any CPU
		Release|Any CPU = Release|Any CPU
	EndGlobalSection
	GlobalSection(ProjectConfigurationPlatforms) = postSolution
		{FB5F1DA2-72DE-4274-8698-7973E85F723C}.Debug|Any CPU.ActiveCfg = Debug|Any CPU
		{FB5F1DA2-72DE-4274-8698-7973E85F723C}.Debug|Any CPU.Build.0 = Debug|Any CPU
		{FB5F1DA2-72DE-4274-8698-7973E85F723C}.Release|Any CPU.ActiveCfg = Release|Any CPU
		{FB5F1DA2-72DE-4274-8698-7973E85F723C}.Release|Any CPU.Build.0 = Release|Any CPU
		{53C739C1-8A1E-4919-88F7-353D977AAE7E}.Debug|Any CPU.ActiveCfg = Debug|Any CPU
		{53C739C1-8A1E-4919-88F7-353D977AAE7E}.Debug|Any CPU.Build.0 = Debug|Any CPU
		{53C739C1-8A1E-4919-88F7-353D977AAE7E}.Release|Any CPU.ActiveCfg = Release|Any CPU
		{53C739C1-8A1E-4919-88F7-353D977AAE7E}.Release|Any CPU.Build.0 = Release|Any CPU
		{1C412F14-59CC-4A7B-8697-C5F4EFA7C5A8}.Debug|Any CPU.ActiveCfg = Debug|Any CPU
		{1C412F14-59CC-4A7B-8697-C5F4EFA7C5A8}.Debug|Any CPU.Build.0 = Debug|Any CPU
		{1C412F14-59CC-4A7B-8697-C5F4EFA7C5A8}.Release|Any CPU.ActiveCfg = Release|Any CPU
		{1C412F14-59CC-4A7B-8697-C5F4EFA7C5A8}.Release|Any CPU.Build.0 = Release|Any CPU
		{EC987F77-E41A-425D-96EE-3F2D168DC40D}.Debug|Any CPU.ActiveCfg = Debug|Any CPU
		{EC987F77-E41A-425D-96EE-3F2D168DC40D}.Debug|Any CPU.Build.0 = Debug|Any CPU
		{EC987F77-E41A-425D-96EE-3F2D168DC40D}.Release|Any CPU.ActiveCfg = Release|Any CPU
		{EC987F77-E41A-425D-96EE-3F2D168DC40D}.Release|Any CPU.Build.0 = Release|Any CPU
		{C1A23AE6-9819-4917-8DE2-BF9D72908ED9}.Debug|Any CPU.ActiveCfg = Debug|Any CPU
		{C1A23AE6-9819-4917-8DE2-BF9D72908ED9}.Debug|Any CPU.Build.0 = Debug|Any CPU
		{C1A23AE6-9819-4917-8DE2-BF9D72908ED9}.Release|Any CPU.ActiveCfg = Release|Any CPU
		{C1A23AE6-9819-4917-8DE2-BF9D72908ED9}.Release|Any CPU.Build.0 = Release|Any CPU
	EndGlobalSection
	GlobalSection(SolutionProperties) = preSolution
		HideSolutionNode = FALSE
	EndGlobalSection
	GlobalSection(ExtensibilityGlobals) = postSolution
		SolutionGuid = {C656E3D3-6C33-4798-9006-86646678BADE}
	EndGlobalSection
EndGlobal
